
Microsoft Visual Studio Solution File, Format Version 12.00
# Visual Studio Version 17
VisualStudioVersion = 17.1.31903.286
MinimumVisualStudioVersion = 10.0.40219.1
Project("{9A19103F-16F7-4668-BE54-9A1E7A4F7556}") = "MyServicesLibrary", "MyServicesLibrary.csproj", "{AA4EABE8-52B3-4CA5-8CA9-0D21C4117613}"
EndProject
Global
	GlobalSection(SolutionConfigurationPlatforms) = preSolution
		Debug|Any CPU = Debug|Any CPU
		Release|Any CPU = Release|Any CPU
	EndGlobalSection
	GlobalSection(ProjectConfigurationPlatforms) = postSolution
		{AA4EABE8-52B3-4CA5-8CA9-0D21C4117613}.Debug|Any CPU.ActiveCfg = Debug|Any CPU
		{AA4EABE8-52B3-4CA5-8CA9-0D21C4117613}.Debug|Any CPU.Build.0 = Debug|Any CPU
		{AA4EABE8-52B3-4CA5-8CA9-0D21C4117613}.Release|Any CPU.ActiveCfg = Release|Any CPU
		{AA4EABE8-52B3-4CA5-8CA9-0D21C4117613}.Release|Any CPU.Build.0 = Release|Any CPU
	EndGlobalSection
	GlobalSection(SolutionProperties) = preSolution
		HideSolutionNode = FALSE
	EndGlobalSection
	GlobalSection(ExtensibilityGlobals) = postSolution
		SolutionGuid = {D84A92FC-074F-4606-A1D8-5A6FC8AE1D99}
	EndGlobalSection
EndGlobal
